
Microsoft Visual Studio Solution File, Format Version 12.00
# Visual Studio 15
VisualStudioVersion = 15.0.27004.2005
MinimumVisualStudioVersion = 10.0.40219.1
Project("{9092AA53-FB77-4645-B42D-1CCCA6BD08BD}") = "VisualStudioProject", "VisualStudioProject.njsproj", "{711793B0-8D65-429C-BF95-00237D0DF648}"
EndProject
Global
	GlobalSection(SolutionConfigurationPlatforms) = preSolution
		Debug|Any CPU = Debug|Any CPU
		Release|Any CPU = Release|Any CPU
	EndGlobalSection
	GlobalSection(ProjectConfigurationPlatforms) = postSolution
		{711793B0-8D65-429C-BF95-00237D0DF648}.Debug|Any CPU.ActiveCfg = Debug|Any CPU
		{711793B0-8D65-429C-BF95-00237D0DF648}.Debug|Any CPU.Build.0 = Debug|Any CPU
		{711793B0-8D65-429C-BF95-00237D0DF648}.Release|Any CPU.ActiveCfg = Release|Any CPU
		{711793B0-8D65-429C-BF95-00237D0DF648}.Release|Any CPU.Build.0 = Release|Any CPU
	EndGlobalSection
	GlobalSection(SolutionProperties) = preSolution
		HideSolutionNode = FALSE
	EndGlobalSection
	GlobalSection(ExtensibilityGlobals) = postSolution
		SolutionGuid = {6DCE1D3E-35D9-4637-A5E9-CACF7FFD9032}
	EndGlobalSection
EndGlobal
